
Microsoft Visual Studio Solution File, Format Version 12.00
# Visual Studio 15
VisualStudioVersion = 15.0.26124.0
MinimumVisualStudioVersion = 15.0.26124.0
Project("{FAE04EC0-301F-11D3-BF4B-00C04F79EFBC}") = "SmallLister.Web", "SmallLister.Web\SmallLister.Web.csproj", "{DBF70F2D-788A-45EF-B1C6-4E89C073F559}"
EndProject
Project("{FAE04EC0-301F-11D3-BF4B-00C04F79EFBC}") = "SmallLister", "SmallLister\SmallLister.csproj", "{96B1CAAB-5750-433F-8A96-9279FC48304F}"
EndProject
Global
	GlobalSection(SolutionConfigurationPlatforms) = preSolution
		Debug|Any CPU = Debug|Any CPU
		Debug|x64 = Debug|x64
		Debug|x86 = Debug|x86
		Release|Any CPU = Release|Any CPU
		Release|x64 = Release|x64
		Release|x86 = Release|x86
	EndGlobalSection
	GlobalSection(SolutionProperties) = preSolution
		HideSolutionNode = FALSE
	EndGlobalSection
	GlobalSection(ProjectConfigurationPlatforms) = postSolution
		{DBF70F2D-788A-45EF-B1C6-4E89C073F559}.Debug|Any CPU.ActiveCfg = Debug|Any CPU
		{DBF70F2D-788A-45EF-B1C6-4E89C073F559}.Debug|Any CPU.Build.0 = Debug|Any CPU
		{DBF70F2D-788A-45EF-B1C6-4E89C073F559}.Debug|x64.ActiveCfg = Debug|Any CPU
		{DBF70F2D-788A-45EF-B1C6-4E89C073F559}.Debug|x64.Build.0 = Debug|Any CPU
		{DBF70F2D-788A-45EF-B1C6-4E89C073F559}.Debug|x86.ActiveCfg = Debug|Any CPU
		{DBF70F2D-788A-45EF-B1C6-4E89C073F559}.Debug|x86.Build.0 = Debug|Any CPU
		{DBF70F2D-788A-45EF-B1C6-4E89C073F559}.Release|Any CPU.ActiveCfg = Release|Any CPU
		{DBF70F2D-788A-45EF-B1C6-4E89C073F559}.Release|Any CPU.Build.0 = Release|Any CPU
		{DBF70F2D-788A-45EF-B1C6-4E89C073F559}.Release|x64.ActiveCfg = Release|Any CPU
		{DBF70F2D-788A-45EF-B1C6-4E89C073F559}.Release|x64.Build.0 = Release|Any CPU
		{DBF70F2D-788A-45EF-B1C6-4E89C073F559}.Release|x86.ActiveCfg = Release|Any CPU
		{DBF70F2D-788A-45EF-B1C6-4E89C073F559}.Release|x86.Build.0 = Release|Any CPU
		{96B1CAAB-5750-433F-8A96-9279FC48304F}.Debug|Any CPU.ActiveCfg = Debug|Any CPU
		{96B1CAAB-5750-433F-8A96-9279FC48304F}.Debug|Any CPU.Build.0 = Debug|Any CPU
		{96B1CAAB-5750-433F-8A96-9279FC48304F}.Debug|x64.ActiveCfg = Debug|Any CPU
		{96B1CAAB-5750-433F-8A96-9279FC48304F}.Debug|x64.Build.0 = Debug|Any CPU
		{96B1CAAB-5750-433F-8A96-9279FC48304F}.Debug|x86.ActiveCfg = Debug|Any CPU
		{96B1CAAB-5750-433F-8A96-9279FC48304F}.Debug|x86.Build.0 = Debug|Any CPU
		{96B1CAAB-5750-433F-8A96-9279FC48304F}.Release|Any CPU.ActiveCfg = Release|Any CPU
		{96B1CAAB-5750-433F-8A96-9279FC48304F}.Release|Any CPU.Build.0 = Release|Any CPU
		{96B1CAAB-5750-433F-8A96-9279FC48304F}.Release|x64.ActiveCfg = Release|Any CPU
		{96B1CAAB-5750-433F-8A96-9279FC48304F}.Release|x64.Build.0 = Release|Any CPU
		{96B1CAAB-5750-433F-8A96-9279FC48304F}.Release|x86.ActiveCfg = Release|Any CPU
		{96B1CAAB-5750-433F-8A96-9279FC48304F}.Release|x86.Build.0 = Release|Any CPU
	EndGlobalSection
EndGlobal
